{
  "nodes": {
    "flake-parts": {
      "inputs": {
        "nixpkgs-lib": [
          "nixpkgs"
        ]
      },
      "locked": {
        "lastModified": 1673047662,
        "narHash": "sha256-dXYxH/0Ea5oQSkGAWWNy7HzmFutguycDGn2dt6lTYRQ=",
        "owner": "hercules-ci",
        "repo": "flake-parts",
        "rev": "aa1f6ca773b6e740037ebfb35f7010e0c3960638",
        "type": "github"
      },
      "original": {
        "owner": "hercules-ci",
        "repo": "flake-parts",
        "type": "github"
      }
    },
    "home-manager": {
      "inputs": {
        "nixpkgs": [
          "nixpkgs"
        ],
        "utils": "utils"
      },
      "locked": {
        "lastModified": 1673089714,
        "narHash": "sha256-D58SGNOVe+s7r2iewnCA8q68gyrfQcOnD1TdJo1wFLY=",
        "owner": "nix-community",
        "repo": "home-manager",
        "rev": "9e565f0d9d41c19a94f55af205c328ec5177fc0a",
        "type": "github"
      },
      "original": {
        "owner": "nix-community",
        "repo": "home-manager",
        "type": "github"
      }
    },
    "nixlib": {
      "locked": {
        "lastModified": 1636849918,
        "narHash": "sha256-nzUK6dPcTmNVrgTAC1EOybSMsrcx+QrVPyqRdyKLkjA=",
        "owner": "nix-community",
        "repo": "nixpkgs.lib",
        "rev": "28a5b0557f14124608db68d3ee1f77e9329e9dd5",
        "type": "github"
      },
      "original": {
        "owner": "nix-community",
        "repo": "nixpkgs.lib",
        "type": "github"
      }
    },
    "nixos-generators": {
      "inputs": {
        "nixlib": "nixlib",
        "nixpkgs": [
          "nixpkgs"
        ]
      },
      "locked": {
        "lastModified": 1672682641,
        "narHash": "sha256-940TLvtdT8YKuP5nXcPhUfNeK0A/leSjjG8hfqvWM84=",
        "owner": "nix-community",
        "repo": "nixos-generators",
        "rev": "30516cb2b01896e14ce66893e414b6e3eec71cac",
        "type": "github"
      },
      "original": {
        "owner": "nix-community",
        "repo": "nixos-generators",
        "type": "github"
      }
    },
    "nixos-hardware": {
      "locked": {
        "lastModified": 1672644464,
        "narHash": "sha256-RYlvRMcQNT7FDoDkViijQBHg9g+blsB+U6AvL/gAsPI=",
        "owner": "NixOS",
        "repo": "nixos-hardware",
        "rev": "ca29e25c39b8e117d4d76a81f1e229824a9b3a26",
        "type": "github"
      },
      "original": {
        "owner": "NixOS",
        "repo": "nixos-hardware",
        "type": "github"
      }
    },
    "nixpkgs": {
      "locked": {
        "lastModified": 1672953546,
        "narHash": "sha256-oz757DnJ1ITvwyTovuwG3l9cX6j9j6/DH9eH+cXFJmc=",
        "owner": "nixos",
        "repo": "nixpkgs",
        "rev": "a518c77148585023ff56022f09c4b2c418a51ef5",
        "type": "github"
      },
      "original": {
        "owner": "nixos",
        "ref": "nixos-unstable",
        "repo": "nixpkgs",
        "type": "github"
      }
    },
    "nixpkgs-stable": {
      "locked": {
        "lastModified": 1672500394,
        "narHash": "sha256-yzwBzCoeRBoRzm7ySHhm72kBG0QjgFalLz2FY48iLI4=",
        "owner": "NixOS",
        "repo": "nixpkgs",
        "rev": "feda52be1d59f13b9aa02f064b4f14784b9a06c8",
        "type": "github"
      },
      "original": {
        "owner": "NixOS",
        "ref": "release-22.11",
        "repo": "nixpkgs",
        "type": "github"
      }
    },
    "root": {
      "inputs": {
        "flake-parts": "flake-parts",
        "home-manager": "home-manager",
        "nixos-generators": "nixos-generators",
        "nixos-hardware": "nixos-hardware",
        "nixpkgs": "nixpkgs",
        "sops-nix": "sops-nix"
      }
    },
    "sops-nix": {
      "inputs": {
        "nixpkgs": [
          "nixpkgs"
        ],
        "nixpkgs-stable": "nixpkgs-stable"
      },
      "locked": {
        "lastModified": 1672543202,
        "narHash": "sha256-nlCUtcIZxaBqUBG1GyaXhZmfyG5WK4e6LqypP8llX9E=",
        "owner": "Mic92",
        "repo": "sops-nix",
        "rev": "b35586cc5abacd4eba9ead138b53e2a60920f781",
        "type": "github"
      },
      "original": {
        "owner": "Mic92",
        "repo": "sops-nix",
        "type": "github"
      }
    },
    "utils": {
      "locked": {
        "lastModified": 1667395993,
        "narHash": "sha256-nuEHfE/LcWyuSWnS8t12N1wc105Qtau+/OdUAjtQ0rA=",
        "owner": "numtide",
        "repo": "flake-utils",
        "rev": "5aed5285a952e0b949eb3ba02c12fa4fcfef535f",
        "type": "github"
      },
      "original": {
        "owner": "numtide",
        "repo": "flake-utils",
        "type": "github"
      }
    }
  },
  "root": "root",
  "version": 7
}
